<?xml version="1.0" encoding="utf-8"?>
<Project ToolsVersion="4.0" xmlns="http://schemas.microsoft.com/developer/msbuild/2003">
  <ItemGroup>
    <Filter Include="Source Files">
      <UniqueIdentifier>{4FC737F1-C7A5-4376-A066-2A32D752A2FF}</UniqueIdentifier>
      <Extensions>cpp;c;cc;cxx;c++;cppm;ixx;def;odl;idl;hpj;bat;asm;asmx</Extensions>
    </Filter>
    <Filter Include="Header Files">
      <UniqueIdentifier>{93995380-89BD-4b04-88EB-625FBE52EBFB}</UniqueIdentifier>
      <Extensions>h;hh;hpp;hxx;h++;hm;inl;inc;ipp;xsd</Extensions>
    </Filter>
    <Filter Include="Resource Files">
      <UniqueIdentifier>{67DA6AB6-F800-4c08-8B7A-83BB121AAD01}</UniqueIdentifier>
      <Extensions>rc;ico;cur;bmp;dlg;rc2;rct;bin;rgs;gif;jpg;jpeg;jpe;resx;tiff;tif;png;wav;mfcribbon-ms</Extensions>
    </Filter>
    <Filter Include="Header Files\MenuPage">
      <UniqueIdentifier>{e0ca437e-e7ba-4d31-b6ea-fea220337993}</UniqueIdentifier>
    </Filter>
    <Filter Include="Header Files\GamePage">
      <UniqueIdentifier>{9321ab8c-25f3-4625-86cf-3400e5a8575a}</UniqueIdentifier>
    </Filter>
    <Filter Include="Source Files\GamePage">
      <UniqueIdentifier>{ff7358a9-9af2-471c-9339-3d297dbf151a}</UniqueIdentifier>
    </Filter>
    <Filter Include="Source Files\MenuPage">
      <UniqueIdentifier>{7c84913d-4808-428e-a493-e95f90311bbe}</UniqueIdentifier>
    </Filter>
    <Filter Include="Source Files\Core">
      <UniqueIdentifier>{97dcdb42-dc4e-4cff-8ca1-a7e12652a583}</UniqueIdentifier>
    </Filter>
    <Filter Include="Header Files\Core">
      <UniqueIdentifier>{65e8a068-4d49-412f-ba1a-9e9331e77c40}</UniqueIdentifier>
    </Filter>
  </ItemGroup>
  <ItemGroup>
    <ClCompile Include="main.cpp">
      <Filter>Source Files</Filter>
    </ClCompile>
    <ClCompile Include="GamePage.cpp">
      <Filter>Source Files\GamePage</Filter>
    </ClCompile>
    <ClCompile Include="MenuPage.cpp">
      <Filter>Source Files\MenuPage</Filter>
    </ClCompile>
    <ClCompile Include="Page.cpp">
      <Filter>Source Files\Core</Filter>
    </ClCompile>
    <ClCompile Include="VisibleObject.cpp">
      <Filter>Source Files\Core</Filter>
    </ClCompile>
    <ClCompile Include="Manager.cpp">
      <Filter>Source Files\Core</Filter>
    </ClCompile>
    <ClCompile Include="Tools.cpp">
      <Filter>Source Files\Core</Filter>
    </ClCompile>
    <ClCompile Include="MenuResourceManager.cpp">
      <Filter>Source Files\MenuPage</Filter>
    </ClCompile>
    <ClCompile Include="GameResourceManager.cpp">
      <Filter>Source Files\GamePage</Filter>
    </ClCompile>
    <ClCompile Include="Gun.cpp">
      <Filter>Source Files\GamePage</Filter>
    </ClCompile>
    <ClCompile Include="Cannonball.cpp">
      <Filter>Source Files\GamePage</Filter>
    </ClCompile>
    <ClCompile Include="Timer.cpp">
      <Filter>Source Files\GamePage</Filter>
    </ClCompile>
    <ClCompile Include="Target.cpp">
      <Filter>Source Files\GamePage</Filter>
    </ClCompile>
    <ClCompile Include="Cursor.cpp">
      <Filter>Source Files\Core</Filter>
    </ClCompile>
    <ClCompile Include="Button.cpp">
      <Filter>Source Files\Core</Filter>
    </ClCompile>
  </ItemGroup>
  <ItemGroup>
    <ClInclude Include="GamePage.h">
      <Filter>Header Files\GamePage</Filter>
    </ClInclude>
    <ClInclude Include="MenuPage.h">
      <Filter>Header Files\MenuPage</Filter>
    </ClInclude>
    <ClInclude Include="VisibleObject.h">
      <Filter>Header Files\Core</Filter>
    </ClInclude>
    <ClInclude Include="Page.h">
      <Filter>Header Files\Core</Filter>
    </ClInclude>
    <ClInclude Include="Manager.h">
      <Filter>Header Files\Core</Filter>
    </ClInclude>
    <ClInclude Include="MenuResourceManager.h">
      <Filter>Header Files\MenuPage</Filter>
    </ClInclude>
    <ClInclude Include="Tools.h">
      <Filter>Header Files\Core</Filter>
    </ClInclude>
    <ClInclude Include="Button.h">
      <Filter>Header Files\Core</Filter>
    </ClInclude>
    <ClInclude Include="GameResourceManager.h">
      <Filter>Header Files\GamePage</Filter>
    </ClInclude>
    <ClInclude Include="Gun.h">
      <Filter>Header Files\GamePage</Filter>
    </ClInclude>
    <ClInclude Include="Cannonball.h">
      <Filter>Header Files\GamePage</Filter>
    </ClInclude>
    <ClInclude Include="Timer.h">
      <Filter>Header Files\GamePage</Filter>
    </ClInclude>
    <ClInclude Include="Target.h">
      <Filter>Header Files\GamePage</Filter>
    </ClInclude>
    <ClInclude Include="Cursor.h">
      <Filter>Header Files\Core</Filter>
    </ClInclude>
  </ItemGroup>
</Project>